// !$*UTF8*$!
{
	archiveVersion = 1;
	classes = {
	};
	objectVersion = 77;
	objects = {

/* Begin PBXContainerItemProxy section */
		4EA6BECA2D74C6F200AF067C /* PBXContainerItemProxy */ = {
			isa = PBXContainerItemProxy;
			containerPortal = 4EA6BEB12D74C6ED00AF067C /* Project object */;
			proxyType = 1;
			remoteGlobalIDString = 4EA6BEB82D74C6EE00AF067C;
			remoteInfo = test_demyst;
		};
		4EA6BED42D74C6F200AF067C /* PBXContainerItemProxy */ = {
			isa = PBXContainerItemProxy;
			containerPortal = 4EA6BEB12D74C6ED00AF067C /* Project object */;
			proxyType = 1;
			remoteGlobalIDString = 4EA6BEB82D74C6EE00AF067C;
			remoteInfo = test_demyst;
		};
/* End PBXContainerItemProxy section */

/* Begin PBXFileReference section */
		4EA6BEB92D74C6EE00AF067C /* test_demyst.app */ = {isa = PBXFileReference; explicitFileType = wrapper.application; includeInIndex = 0; path = test_demyst.app; sourceTree = BUILT_PRODUCTS_DIR; };
		4EA6BEC92D74C6F200AF067C /* test_demystTests.xctest */ = {isa = PBXFileReference; explicitFileType = wrapper.cfbundle; includeInIndex = 0; path = test_demystTests.xctest; sourceTree = BUILT_PRODUCTS_DIR; };
		4EA6BED32D74C6F200AF067C /* test_demystUITests.xctest */ = {isa = PBXFileReference; explicitFileType = wrapper.cfbundle; includeInIndex = 0; path = test_demystUITests.xctest; sourceTree = BUILT_PRODUCTS_DIR; };
/* End PBXFileReference section */

/* Begin PBXFileSystemSynchronizedRootGroup section */
		4EA6BEBB2D74C6EE00AF067C /* test_demyst */ = {
			isa = PBXFileSystemSynchronizedRootGroup;
			path = test_demyst;
			sourceTree = "<group>";
		};
		4EA6BECC2D74C6F200AF067C /* test_demystTests */ = {
			isa = PBXFileSystemSynchronizedRootGroup;
			path = test_demystTests;
			sourceTree = "<group>";
		};
		4EA6BED62D74C6F200AF067C /* test_demystUITests */ = {
			isa = PBXFileSystemSynchronizedRootGroup;
			path = test_demystUITests;
			sourceTree = "<group>";
		};
/* End PBXFileSystemSynchronizedRootGroup section */

/* Begin PBXFrameworksBuildPhase section */
		4EA6BEB62D74C6EE00AF067C /* Frameworks */ = {
			isa = PBXFrameworksBuildPhase;
			buildActionMask = 2147483647;
			files = (
			);
			runOnlyForDeploymentPostprocessing = 0;
		};
		4EA6BEC62D74C6F200AF067C /* Frameworks */ = {
			isa = PBXFrameworksBuildPhase;
			buildActionMask = 2147483647;
			files = (
			);
			runOnlyForDeploymentPostprocessing = 0;
		};
		4EA6BED02D74C6F200AF067C /* Frameworks */ = {
			isa = PBXFrameworksBuildPhase;
			buildActionMask = 2147483647;
			files = (
			);
			runOnlyForDeploymentPostprocessing = 0;
		};
/* End PBXFrameworksBuildPhase section */

/* Begin PBXGroup section */
		4EA6BEB02D74C6ED00AF067C = {
			isa = PBXGroup;
			children = (
				4EA6BEBB2D74C6EE00AF067C /* test_demyst */,
				4EA6BECC2D74C6F200AF067C /* test_demystTests */,
				4EA6BED62D74C6F200AF067C /* test_demystUITests */,
				4EA6BEBA2D74C6EE00AF067C /* Products */,
			);
			sourceTree = "<group>";
		};
		4EA6BEBA2D74C6EE00AF067C /* Products */ = {
			isa = PBXGroup;
			children = (
				4EA6BEB92D74C6EE00AF067C /* test_demyst.app */,
				4EA6BEC92D74C6F200AF067C /* test_demystTests.xctest */,
				4EA6BED32D74C6F200AF067C /* test_demystUITests.xctest */,
			);
			name = Products;
			sourceTree = "<group>";
		};
/* End PBXGroup section */

/* Begin PBXNativeTarget section */
		4EA6BEB82D74C6EE00AF067C /* test_demyst */ = {
			isa = PBXNativeTarget;
			buildConfigurationList = 4EA6BEDD2D74C6F200AF067C /* Build configuration list for PBXNativeTarget "test_demyst" */;
			buildPhases = (
				4EA6BEB52D74C6EE00AF067C /* Sources */,
				4EA6BEB62D74C6EE00AF067C /* Frameworks */,
				4EA6BEB72D74C6EE00AF067C /* Resources */,
			);
			buildRules = (
			);
			dependencies = (
			);
			fileSystemSynchronizedGroups = (
				4EA6BEBB2D74C6EE00AF067C /* test_demyst */,
			);
			name = test_demyst;
			packageProductDependencies = (
			);
			productName = test_demyst;
			productReference = 4EA6BEB92D74C6EE00AF067C /* test_demyst.app */;
			productType = "com.apple.product-type.application";
		};
		4EA6BEC82D74C6F200AF067C /* test_demystTests */ = {
			isa = PBXNativeTarget;
			buildConfigurationList = 4EA6BEE02D74C6F200AF067C /* Build configuration list for PBXNativeTarget "test_demystTests" */;
			buildPhases = (
				4EA6BEC52D74C6F200AF067C /* Sources */,
				4EA6BEC62D74C6F200AF067C /* Frameworks */,
				4EA6BEC72D74C6F200AF067C /* Resources */,
			);
			buildRules = (
			);
			dependencies = (
				4EA6BECB2D74C6F200AF067C /* PBXTargetDependency */,
			);
			fileSystemSynchronizedGroups = (
				4EA6BECC2D74C6F200AF067C /* test_demystTests */,
			);
			name = test_demystTests;
			packageProductDependencies = (
			);
			productName = test_demystTests;
			productReference = 4EA6BEC92D74C6F200AF067C /* test_demystTests.xctest */;
			productType = "com.apple.product-type.bundle.unit-test";
		};
		4EA6BED22D74C6F200AF067C /* test_demystUITests */ = {
			isa = PBXNativeTarget;
			buildConfigurationList = 4EA6BEE32D74C6F200AF067C /* Build configuration list for PBXNativeTarget "test_demystUITests" */;
			buildPhases = (
				4EA6BECF2D74C6F200AF067C /* Sources */,
				4EA6BED02D74C6F200AF067C /* Frameworks */,
				4EA6BED12D74C6F200AF067C /* Resources */,
			);
			buildRules = (
			);
			dependencies = (
				4EA6BED52D74C6F200AF067C /* PBXTargetDependency */,
			);
			fileSystemSynchronizedGroups = (
				4EA6BED62D74C6F200AF067C /* test_demystUITests */,
			);
			name = test_demystUITests;
			packageProductDependencies = (
			);
			productName = test_demystUITests;
			productReference = 4EA6BED32D74C6F200AF067C /* test_demystUITests.xctest */;
			productType = "com.apple.product-type.bundle.ui-testing";
		};
/* End PBXNativeTarget section */

/* Begin PBXProject section */
		4EA6BEB12D74C6ED00AF067C /* Project object */ = {
			isa = PBXProject;
			attributes = {
				BuildIndependentTargetsInParallel = 1;
				LastSwiftUpdateCheck = 1620;
				LastUpgradeCheck = 1620;
				TargetAttributes = {
					4EA6BEB82D74C6EE00AF067C = {
						CreatedOnToolsVersion = 16.2;
					};
					4EA6BEC82D74C6F200AF067C = {
						CreatedOnToolsVersion = 16.2;
						TestTargetID = 4EA6BEB82D74C6EE00AF067C;
					};
					4EA6BED22D74C6F200AF067C = {
						CreatedOnToolsVersion = 16.2;
						TestTargetID = 4EA6BEB82D74C6EE00AF067C;
					};
				};
			};
			buildConfigurationList = 4EA6BEB42D74C6ED00AF067C /* Build configuration list for PBXProject "test_demyst" */;
			developmentRegion = en;
			hasScannedForEncodings = 0;
			knownRegions = (
				en,
				Base,
			);
			mainGroup = 4EA6BEB02D74C6ED00AF067C;
			minimizedProjectReferenceProxies = 1;
			preferredProjectObjectVersion = 77;
			productRefGroup = 4EA6BEBA2D74C6EE00AF067C /* Products */;
			projectDirPath = "";
			projectRoot = "";
			targets = (
				4EA6BEB82D74C6EE00AF067C /* test_demyst */,
				4EA6BEC82D74C6F200AF067C /* test_demystTests */,
				4EA6BED22D74C6F200AF067C /* test_demystUITests */,
			);
		};
/* End PBXProject section */

/* Begin PBXResourcesBuildPhase section */
		4EA6BEB72D74C6EE00AF067C /* Resources */ = {
			isa = PBXResourcesBuildPhase;
			buildActionMask = 2147483647;
			files = (
			);
			runOnlyForDeploymentPostprocessing = 0;
		};
		4EA6BEC72D74C6F200AF067C /* Resources */ = {
			isa = PBXResourcesBuildPhase;
			buildActionMask = 2147483647;
			files = (
			);
			runOnlyForDeploymentPostprocessing = 0;
		};
		4EA6BED12D74C6F200AF067C /* Resources */ = {
			isa = PBXResourcesBuildPhase;
			buildActionMask = 2147483647;
			files = (
			);
			runOnlyForDeploymentPostprocessing = 0;
		};
/* End PBXResourcesBuildPhase section */

/* Begin PBXSourcesBuildPhase section */
		4EA6BEB52D74C6EE00AF067C /* Sources */ = {
			isa = PBXSourcesBuildPhase;
			buildActionMask = 2147483647;
			files = (
			);
			runOnlyForDeploymentPostprocessing = 0;
		};
		4EA6BEC52D74C6F200AF067C /* Sources */ = {
			isa = PBXSourcesBuildPhase;
			buildActionMask = 2147483647;
			files = (
			);
			runOnlyForDeploymentPostprocessing = 0;
		};
		4EA6BECF2D74C6F200AF067C /* Sources */ = {
			isa = PBXSourcesBuildPhase;
			buildActionMask = 2147483647;
			files = (
			);
			runOnlyForDeploymentPostprocessing = 0;
		};
/* End PBXSourcesBuildPhase section */

/* Begin PBXTargetDependency section */
		4EA6BECB2D74C6F200AF067C /* PBXTargetDependency */ = {
			isa = PBXTargetDependency;
			target = 4EA6BEB82D74C6EE00AF067C /* test_demyst */;
			targetProxy = 4EA6BECA2D74C6F200AF067C /* PBXContainerItemProxy */;
		};
		4EA6BED52D74C6F200AF067C /* PBXTargetDependency */ = {
			isa = PBXTargetDependency;
			target = 4EA6BEB82D74C6EE00AF067C /* test_demyst */;
			targetProxy = 4EA6BED42D74C6F200AF067C /* PBXContainerItemProxy */;
		};
/* End PBXTargetDependency section */

/* Begin XCBuildConfiguration section */
		4EA6BEDB2D74C6F200AF067C /* Debug */ = {
			isa = XCBuildConfiguration;
			buildSettings = {
				ALWAYS_SEARCH_USER_PATHS = NO;
				ASSETCATALOG_COMPILER_GENERATE_SWIFT_ASSET_SYMBOL_EXTENSIONS = YES;
				CLANG_ANALYZER_NONNULL = YES;
				CLANG_ANALYZER_NUMBER_OBJECT_CONVERSION = YES_AGGRESSIVE;
				CLANG_CXX_LANGUAGE_STANDARD = "gnu++20";
				CLANG_ENABLE_MODULES = YES;
				CLANG_ENABLE_OBJC_ARC = YES;
				CLANG_ENABLE_OBJC_WEAK = YES;
				CLANG_WARN_BLOCK_CAPTURE_AUTORELEASING = YES;
				CLANG_WARN_BOOL_CONVERSION = YES;
				CLANG_WARN_COMMA = YES;
				CLANG_WARN_CONSTANT_CONVERSION = YES;
				CLANG_WARN_DEPRECATED_OBJC_IMPLEMENTATIONS = YES;
				CLANG_WARN_DIRECT_OBJC_ISA_USAGE = YES_ERROR;
				CLANG_WARN_DOCUMENTATION_COMMENTS = YES;
				CLANG_WARN_EMPTY_BODY = YES;
				CLANG_WARN_ENUM_CONVERSION = YES;
				CLANG_WARN_INFINITE_RECURSION = YES;
				CLANG_WARN_INT_CONVERSION = YES;
				CLANG_WARN_NON_LITERAL_NULL_CONVERSION = YES;
				CLANG_WARN_OBJC_IMPLICIT_RETAIN_SELF = YES;
				CLANG_WARN_OBJC_LITERAL_CONVERSION = YES;
				CLANG_WARN_OBJC_ROOT_CLASS = YES_ERROR;
				CLANG_WARN_QUOTED_INCLUDE_IN_FRAMEWORK_HEADER = YES;
				CLANG_WARN_RANGE_LOOP_ANALYSIS = YES;
				CLANG_WARN_STRICT_PROTOTYPES = YES;
				CLANG_WARN_SUSPICIOUS_MOVE = YES;
				CLANG_WARN_UNGUARDED_AVAILABILITY = YES_AGGRESSIVE;
				CLANG_WARN_UNREACHABLE_CODE = YES;
				CLANG_WARN__DUPLICATE_METHOD_MATCH = YES;
				COPY_PHASE_STRIP = NO;
				DEBUG_INFORMATION_FORMAT = dwarf;
				ENABLE_STRICT_OBJC_MSGSEND = YES;
				ENABLE_TESTABILITY = YES;
				ENABLE_USER_SCRIPT_SANDBOXING = YES;
				GCC_C_LANGUAGE_STANDARD = gnu17;
				GCC_DYNAMIC_NO_PIC = NO;
				GCC_NO_COMMON_BLOCKS = YES;
				GCC_OPTIMIZATION_LEVEL = 0;
				GCC_PREPROCESSOR_DEFINITIONS = (
					"DEBUG=1",
					"$(inherited)",
				);
				GCC_WARN_64_TO_32_BIT_CONVERSION = YES;
				GCC_WARN_ABOUT_RETURN_TYPE = YES_ERROR;
				GCC_WARN_UNDECLARED_SELECTOR = YES;
				GCC_WARN_UNINITIALIZED_AUTOS = YES_AGGRESSIVE;
				GCC_WARN_UNUSED_FUNCTION = YES;
				GCC_WARN_UNUSED_VARIABLE = YES;
				IPHONEOS_DEPLOYMENT_TARGET = 18.2;
				LOCALIZATION_PREFERS_STRING_CATALOGS = YES;
				MTL_ENABLE_DEBUG_INFO = INCLUDE_SOURCE;
				MTL_FAST_MATH = YES;
				ONLY_ACTIVE_ARCH = YES;
				SDKROOT = iphoneos;
				SWIFT_ACTIVE_COMPILATION_CONDITIONS = "DEBUG $(inherited)";
				SWIFT_OPTIMIZATION_LEVEL = "-Onone";
			};
			name = Debug;
		};
		4EA6BEDC2D74C6F200AF067C /* Release */ = {
			isa = XCBuildConfiguration;
			buildSettings = {
				ALWAYS_SEARCH_USER_PATHS = NO;
				ASSETCATALOG_COMPILER_GENERATE_SWIFT_ASSET_SYMBOL_EXTENSIONS = YES;
				CLANG_ANALYZER_NONNULL = YES;
				CLANG_ANALYZER_NUMBER_OBJECT_CONVERSION = YES_AGGRESSIVE;
				CLANG_CXX_LANGUAGE_STANDARD = "gnu++20";
				CLANG_ENABLE_MODULES = YES;
				CLANG_ENABLE_OBJC_ARC = YES;
				CLANG_ENABLE_OBJC_WEAK = YES;
				CLANG_WARN_BLOCK_CAPTURE_AUTORELEASING = YES;
				CLANG_WARN_BOOL_CONVERSION = YES;
				CLANG_WARN_COMMA = YES;
				CLANG_WARN_CONSTANT_CONVERSION = YES;
				CLANG_WARN_DEPRECATED_OBJC_IMPLEMENTATIONS = YES;
				CLANG_WARN_DIRECT_OBJC_ISA_USAGE = YES_ERROR;
				CLANG_WARN_DOCUMENTATION_COMMENTS = YES;
				CLANG_WARN_EMPTY_BODY = YES;
				CLANG_WARN_ENUM_CONVERSION = YES;
				CLANG_WARN_INFINITE_RECURSION = YES;
				CLANG_WARN_INT_CONVERSION = YES;
				CLANG_WARN_NON_LITERAL_NULL_CONVERSION = YES;
				CLANG_WARN_OBJC_IMPLICIT_RETAIN_SELF = YES;
				CLANG_WARN_OBJC_LITERAL_CONVERSION = YES;
				CLANG_WARN_OBJC_ROOT_CLASS = YES_ERROR;
				CLANG_WARN_QUOTED_INCLUDE_IN_FRAMEWORK_HEADER = YES;
				CLANG_WARN_RANGE_LOOP_ANALYSIS = YES;
				CLANG_WARN_STRICT_PROTOTYPES = YES;
				CLANG_WARN_SUSPICIOUS_MOVE = YES;
				CLANG_WARN_UNGUARDED_AVAILABILITY = YES_AGGRESSIVE;
				CLANG_WARN_UNREACHABLE_CODE = YES;
				CLANG_WARN__DUPLICATE_METHOD_MATCH = YES;
				COPY_PHASE_STRIP = NO;
				DEBUG_INFORMATION_FORMAT = "dwarf-with-dsym";
				ENABLE_NS_ASSERTIONS = NO;
				ENABLE_STRICT_OBJC_MSGSEND = YES;
				ENABLE_USER_SCRIPT_SANDBOXING = YES;
				GCC_C_LANGUAGE_STANDARD = gnu17;
				GCC_NO_COMMON_BLOCKS = YES;
				GCC_WARN_64_TO_32_BIT_CONVERSION = YES;
				GCC_WARN_ABOUT_RETURN_TYPE = YES_ERROR;
				GCC_WARN_UNDECLARED_SELECTOR = YES;
				GCC_WARN_UNINITIALIZED_AUTOS = YES_AGGRESSIVE;
				GCC_WARN_UNUSED_FUNCTION = YES;
				GCC_WARN_UNUSED_VARIABLE = YES;
				IPHONEOS_DEPLOYMENT_TARGET = 18.2;
				LOCALIZATION_PREFERS_STRING_CATALOGS = YES;
				MTL_ENABLE_DEBUG_INFO = NO;
				MTL_FAST_MATH = YES;
				SDKROOT = iphoneos;
				SWIFT_COMPILATION_MODE = wholemodule;
				VALIDATE_PRODUCT = YES;
			};
			name = Release;
		};
		4EA6BEDE2D74C6F200AF067C /* Debug */ = {
			isa = XCBuildConfiguration;
			buildSettings = {
				ASSETCATALOG_COMPILER_APPICON_NAME = AppIcon;
				ASSETCATALOG_COMPILER_GLOBAL_ACCENT_COLOR_NAME = AccentColor;
				CODE_SIGN_STYLE = Automatic;
				CURRENT_PROJECT_VERSION = 1;
				DEVELOPMENT_ASSET_PATHS = "\"test_demyst/Preview Content\"";
				ENABLE_PREVIEWS = YES;
				GENERATE_INFOPLIST_FILE = YES;
				INFOPLIST_FILE = "test-demyst-Info.plist";
				INFOPLIST_KEY_UIApplicationSceneManifest_Generation = YES;
				INFOPLIST_KEY_UIApplicationSupportsIndirectInputEvents = YES;
				INFOPLIST_KEY_UILaunchScreen_Generation = YES;
				INFOPLIST_KEY_UISupportedInterfaceOrientations_iPad = "UIInterfaceOrientationPortrait UIInterfaceOrientationPortraitUpsideDown UIInterfaceOrientationLandscapeLeft UIInterfaceOrientationLandscapeRight";
				INFOPLIST_KEY_UISupportedInterfaceOrientations_iPhone = "UIInterfaceOrientationPortrait UIInterfaceOrientationLandscapeLeft UIInterfaceOrientationLandscapeRight";
				LD_RUNPATH_SEARCH_PATHS = (
					"$(inherited)",
					"@executable_path/Frameworks",
				);
				MARKETING_VERSION = 1.0;
				PRODUCT_BUNDLE_IDENTIFIER = "com.test.test-demyst";
				PRODUCT_NAME = "$(TARGET_NAME)";
				SWIFT_EMIT_LOC_STRINGS = YES;
				SWIFT_VERSION = 5.0;
				TARGETED_DEVICE_FAMILY = "1,2";
			};
			name = Debug;
		};
		4EA6BEDF2D74C6F200AF067C /* Release */ = {
			isa = XCBuildConfiguration;
			buildSettings = {
				ASSETCATALOG_COMPILER_APPICON_NAME = AppIcon;
				ASSETCATALOG_COMPILER_GLOBAL_ACCENT_COLOR_NAME = AccentColor;
				CODE_SIGN_STYLE = Automatic;
				CURRENT_PROJECT_VERSION = 1;
				DEVELOPMENT_ASSET_PATHS = "\"test_demyst/Preview Content\"";
				ENABLE_PREVIEWS = YES;
				GENERATE_INFOPLIST_FILE = YES;
				INFOPLIST_FILE = "test-demyst-Info.plist";
				INFOPLIST_KEY_UIApplicationSceneManifest_Generation = YES;
				INFOPLIST_KEY_UIApplicationSupportsIndirectInputEvents = YES;
				INFOPLIST_KEY_UILaunchScreen_Generation = YES;
				INFOPLIST_KEY_UISupportedInterfaceOrientations_iPad = "UIInterfaceOrientationPortrait UIInterfaceOrientationPortraitUpsideDown UIInterfaceOrientationLandscapeLeft UIInterfaceOrientationLandscapeRight";
				INFOPLIST_KEY_UISupportedInterfaceOrientations_iPhone = "UIInterfaceOrientationPortrait UIInterfaceOrientationLandscapeLeft UIInterfaceOrientationLandscapeRight";
				LD_RUNPATH_SEARCH_PATHS = (
					"$(inherited)",
					"@executable_path/Frameworks",
				);
				MARKETING_VERSION = 1.0;
				PRODUCT_BUNDLE_IDENTIFIER = "com.test.test-demyst";
				PRODUCT_NAME = "$(TARGET_NAME)";
				SWIFT_EMIT_LOC_STRINGS = YES;
				SWIFT_VERSION = 5.0;
				TARGETED_DEVICE_FAMILY = "1,2";
			};
			name = Release;
		};
		4EA6BEE12D74C6F200AF067C /* Debug */ = {
			isa = XCBuildConfiguration;
			buildSettings = {
				BUNDLE_LOADER = "$(TEST_HOST)";
				CODE_SIGN_STYLE = Automatic;
				CURRENT_PROJECT_VERSION = 1;
				GENERATE_INFOPLIST_FILE = YES;
				IPHONEOS_DEPLOYMENT_TARGET = 18.2;
				MARKETING_VERSION = 1.0;
				PRODUCT_BUNDLE_IDENTIFIER = "com.test.test-demystTests";
				PRODUCT_NAME = "$(TARGET_NAME)";
				SWIFT_EMIT_LOC_STRINGS = NO;
				SWIFT_VERSION = 5.0;
				TARGETED_DEVICE_FAMILY = "1,2";
				TEST_HOST = "$(BUILT_PRODUCTS_DIR)/test_demyst.app/$(BUNDLE_EXECUTABLE_FOLDER_PATH)/test_demyst";
			};
			name = Debug;
		};
		4EA6BEE22D74C6F200AF067C /* Release */ = {
			isa = XCBuildConfiguration;
			buildSettings = {
				BUNDLE_LOADER = "$(TEST_HOST)";
				CODE_SIGN_STYLE = Automatic;
				CURRENT_PROJECT_VERSION = 1;
				GENERATE_INFOPLIST_FILE = YES;
				IPHONEOS_DEPLOYMENT_TARGET = 18.2;
				MARKETING_VERSION = 1.0;
				PRODUCT_BUNDLE_IDENTIFIER = "com.test.test-demystTests";
				PRODUCT_NAME = "$(TARGET_NAME)";
				SWIFT_EMIT_LOC_STRINGS = NO;
				SWIFT_VERSION = 5.0;
				TARGETED_DEVICE_FAMILY = "1,2";
				TEST_HOST = "$(BUILT_PRODUCTS_DIR)/test_demyst.app/$(BUNDLE_EXECUTABLE_FOLDER_PATH)/test_demyst";
			};
			name = Release;
		};
		4EA6BEE42D74C6F200AF067C /* Debug */ = {
			isa = XCBuildConfiguration;
			buildSettings = {
				CODE_SIGN_STYLE = Automatic;
				CURRENT_PROJECT_VERSION = 1;
				GENERATE_INFOPLIST_FILE = YES;
				MARKETING_VERSION = 1.0;
				PRODUCT_BUNDLE_IDENTIFIER = "com.test.test-demystUITests";
				PRODUCT_NAME = "$(TARGET_NAME)";
				SWIFT_EMIT_LOC_STRINGS = NO;
				SWIFT_VERSION = 5.0;
				TARGETED_DEVICE_FAMILY = "1,2";
				TEST_TARGET_NAME = test_demyst;
			};
			name = Debug;
		};
		4EA6BEE52D74C6F200AF067C /* Release */ = {
			isa = XCBuildConfiguration;
			buildSettings = {
				CODE_SIGN_STYLE = Automatic;
				CURRENT_PROJECT_VERSION = 1;
				GENERATE_INFOPLIST_FILE = YES;
				MARKETING_VERSION = 1.0;
				PRODUCT_BUNDLE_IDENTIFIER = "com.test.test-demystUITests";
				PRODUCT_NAME = "$(TARGET_NAME)";
				SWIFT_EMIT_LOC_STRINGS = NO;
				SWIFT_VERSION = 5.0;
				TARGETED_DEVICE_FAMILY = "1,2";
				TEST_TARGET_NAME = test_demyst;
			};
			name = Release;
		};
/* End XCBuildConfiguration section */

/* Begin XCConfigurationList section */
		4EA6BEB42D74C6ED00AF067C /* Build configuration list for PBXProject "test_demyst" */ = {
			isa = XCConfigurationList;
			buildConfigurations = (
				4EA6BEDB2D74C6F200AF067C /* Debug */,
				4EA6BEDC2D74C6F200AF067C /* Release */,
			);
			defaultConfigurationIsVisible = 0;
			defaultConfigurationName = Release;
		};
		4EA6BEDD2D74C6F200AF067C /* Build configuration list for PBXNativeTarget "test_demyst" */ = {
			isa = XCConfigurationList;
			buildConfigurations = (
				4EA6BEDE2D74C6F200AF067C /* Debug */,
				4EA6BEDF2D74C6F200AF067C /* Release */,
			);
			defaultConfigurationIsVisible = 0;
			defaultConfigurationName = Release;
		};
		4EA6BEE02D74C6F200AF067C /* Build configuration list for PBXNativeTarget "test_demystTests" */ = {
			isa = XCConfigurationList;
			buildConfigurations = (
				4EA6BEE12D74C6F200AF067C /* Debug */,
				4EA6BEE22D74C6F200AF067C /* Release */,
			);
			defaultConfigurationIsVisible = 0;
			defaultConfigurationName = Release;
		};
		4EA6BEE32D74C6F200AF067C /* Build configuration list for PBXNativeTarget "test_demystUITests" */ = {
			isa = XCConfigurationList;
			buildConfigurations = (
				4EA6BEE42D74C6F200AF067C /* Debug */,
				4EA6BEE52D74C6F200AF067C /* Release */,
			);
			defaultConfigurationIsVisible = 0;
			defaultConfigurationName = Release;
		};
/* End XCConfigurationList section */
	};
	rootObject = 4EA6BEB12D74C6ED00AF067C /* Project object */;
}
